
Microsoft Visual Studio Solution File, Format Version 12.00
# Visual Studio Version 16
VisualStudioVersion = 16.0.29926.136
MinimumVisualStudioVersion = 10.0.40219.1
Project("{8BC9CEB8-8B4A-11D0-8D11-00A0C91BC942}") = "InfinityStreamer", "InfinityStreamer\InfinityStreamer.vcxproj", "{CD38E047-3046-4BF4-B7A8-D07A178BCEE9}"
EndProject
Project("{8BC9CEB8-8B4A-11D0-8D11-00A0C91BC942}") = "InfinityNativeSharp", "InfinityNativeSharp\InfinityNativeSharp.vcxproj", "{6E767519-0F39-4145-90BB-0624A4ED48AF}"
EndProject
Project("{8BC9CEB8-8B4A-11D0-8D11-00A0C91BC942}") = "InfinityGui", "InfinityGui\InfinityGui.vcxproj", "{05A6E652-8C3A-427C-80BB-1386B1DD7A10}"
EndProject
Project("{8BC9CEB8-8B4A-11D0-8D11-00A0C91BC942}") = "InfinityUtils", "InfinityUtils\InfinityUtils.vcxproj", "{7DC8D7A0-2612-4B6F-85DC-48BBB84AB1F8}"
EndProject
Project("{8BC9CEB8-8B4A-11D0-8D11-00A0C91BC942}") = "InfinityPdbParser", "InfinityPdbParser\InfinityPdbParser.vcxproj", "{CD36AF24-37BE-4C60-9C86-B31AFE423E33}"
EndProject
Project("{8BC9CEB8-8B4A-11D0-8D11-00A0C91BC942}") = "InfinityPdbInspector", "InfinityPdbInspector\InfinityPdbInspector.vcxproj", "{B0C799F3-0FEA-4E2E-8850-FD2F88B89BEB}"
EndProject
Project("{8BC9CEB8-8B4A-11D0-8D11-00A0C91BC942}") = "InfinityTester", "InfinityTester\InfinityTester.vcxproj", "{2DD2F2D8-6D50-4003-9965-1D8A943B7046}"
EndProject
Project("{8BC9CEB8-8B4A-11D0-8D11-00A0C91BC942}") = "InfinityDebugTools", "InfinityDebugTools\InfinityDebugTools.vcxproj", "{A3007D41-27B2-4565-A3FA-BF813CD2EC01}"
EndProject
Project("{8BC9CEB8-8B4A-11D0-8D11-00A0C91BC942}") = "InfinityCrashlytics", "InfinityCrashlytics\InfinityCrashlytics.vcxproj", "{E3EAF431-336B-47A9-816F-5218C8C88A41}"
EndProject
Project("{8BC9CEB8-8B4A-11D0-8D11-00A0C91BC942}") = "InfinityPcre", "InfinityPcre\InfinityPcre.vcxproj", "{9C646333-A7E7-4D61-9BFE-9FFBE3D11EA9}"
EndProject
Project("{8BC9CEB8-8B4A-11D0-8D11-00A0C91BC942}") = "pcre2-16-x86", "Pcre2-x86\pcre2-16-x86.vcxproj", "{B73061BD-5EFD-3680-996D-DFD4F43DBD81}"
EndProject
Project("{8BC9CEB8-8B4A-11D0-8D11-00A0C91BC942}") = "pcre2-16-x64", "Pcre2-x64\pcre2-16-x64.vcxproj", "{22102B29-AFFF-3B4C-9C98-98B74137E40A}"
EndProject
Project("{8BC9CEB8-8B4A-11D0-8D11-00A0C91BC942}") = "InfinityLastInput", "InfinityLastInput\InfinityLastInput.vcxproj", "{4B5AF164-B0E9-451D-92BF-DCB0C59CF3E9}"
EndProject
Project("{8BC9CEB8-8B4A-11D0-8D11-00A0C91BC942}") = "InfinityDeviceTools", "InfinityDeviceTools\InfinityDeviceTools.vcxproj", "{08625242-3C93-4A0E-887E-BB705E1E696F}"
EndProject
Project("{8BC9CEB8-8B4A-11D0-8D11-00A0C91BC942}") = "InfinityArchiveTools", "InfinityArchiveTools\InfinityArchiveTools.vcxproj", "{C597D8A8-E0C1-483E-A879-F1B1A844B703}"
EndProject
Project("{8BC9CEB8-8B4A-11D0-8D11-00A0C91BC942}") = "InfinityPcreTools", "InfinityPcreTools\InfinityPcreTools.vcxproj", "{253A5AD8-4D47-4C04-B5B8-6BBD2AF557C2}"
EndProject
Global
	GlobalSection(SolutionConfigurationPlatforms) = preSolution
		Debug|x64 = Debug|x64
		Debug|x86 = Debug|x86
		MinSizeRel|x64 = MinSizeRel|x64
		MinSizeRel|x86 = MinSizeRel|x86
		Release|x64 = Release|x64
		Release|x86 = Release|x86
		RelWithDebInfo|x64 = RelWithDebInfo|x64
		RelWithDebInfo|x86 = RelWithDebInfo|x86
	EndGlobalSection
	GlobalSection(ProjectConfigurationPlatforms) = postSolution
		{CD38E047-3046-4BF4-B7A8-D07A178BCEE9}.Debug|x64.ActiveCfg = Debug|x64
		{CD38E047-3046-4BF4-B7A8-D07A178BCEE9}.Debug|x64.Build.0 = Debug|x64
		{CD38E047-3046-4BF4-B7A8-D07A178BCEE9}.Debug|x86.ActiveCfg = Debug|Win32
		{CD38E047-3046-4BF4-B7A8-D07A178BCEE9}.Debug|x86.Build.0 = Debug|Win32
		{CD38E047-3046-4BF4-B7A8-D07A178BCEE9}.MinSizeRel|x64.ActiveCfg = Release|x64
		{CD38E047-3046-4BF4-B7A8-D07A178BCEE9}.MinSizeRel|x64.Build.0 = Release|x64
		{CD38E047-3046-4BF4-B7A8-D07A178BCEE9}.MinSizeRel|x86.ActiveCfg = Release|Win32
		{CD38E047-3046-4BF4-B7A8-D07A178BCEE9}.MinSizeRel|x86.Build.0 = Release|Win32
		{CD38E047-3046-4BF4-B7A8-D07A178BCEE9}.Release|x64.ActiveCfg = Release|x64
		{CD38E047-3046-4BF4-B7A8-D07A178BCEE9}.Release|x64.Build.0 = Release|x64
		{CD38E047-3046-4BF4-B7A8-D07A178BCEE9}.Release|x86.ActiveCfg = Release|Win32
		{CD38E047-3046-4BF4-B7A8-D07A178BCEE9}.Release|x86.Build.0 = Release|Win32
		{CD38E047-3046-4BF4-B7A8-D07A178BCEE9}.RelWithDebInfo|x64.ActiveCfg = Release|x64
		{CD38E047-3046-4BF4-B7A8-D07A178BCEE9}.RelWithDebInfo|x64.Build.0 = Release|x64
		{CD38E047-3046-4BF4-B7A8-D07A178BCEE9}.RelWithDebInfo|x86.ActiveCfg = Release|Win32
		{CD38E047-3046-4BF4-B7A8-D07A178BCEE9}.RelWithDebInfo|x86.Build.0 = Release|Win32
		{6E767519-0F39-4145-90BB-0624A4ED48AF}.Debug|x64.ActiveCfg = Debug|x64
		{6E767519-0F39-4145-90BB-0624A4ED48AF}.Debug|x64.Build.0 = Debug|x64
		{6E767519-0F39-4145-90BB-0624A4ED48AF}.Debug|x86.ActiveCfg = Debug|Win32
		{6E767519-0F39-4145-90BB-0624A4ED48AF}.Debug|x86.Build.0 = Debug|Win32
		{6E767519-0F39-4145-90BB-0624A4ED48AF}.MinSizeRel|x64.ActiveCfg = Release|x64
		{6E767519-0F39-4145-90BB-0624A4ED48AF}.MinSizeRel|x64.Build.0 = Release|x64
		{6E767519-0F39-4145-90BB-0624A4ED48AF}.MinSizeRel|x86.ActiveCfg = Release|Win32
		{6E767519-0F39-4145-90BB-0624A4ED48AF}.MinSizeRel|x86.Build.0 = Release|Win32
		{6E767519-0F39-4145-90BB-0624A4ED48AF}.Release|x64.ActiveCfg = Release|x64
		{6E767519-0F39-4145-90BB-0624A4ED48AF}.Release|x64.Build.0 = Release|x64
		{6E767519-0F39-4145-90BB-0624A4ED48AF}.Release|x86.ActiveCfg = Release|Win32
		{6E767519-0F39-4145-90BB-0624A4ED48AF}.Release|x86.Build.0 = Release|Win32
		{6E767519-0F39-4145-90BB-0624A4ED48AF}.RelWithDebInfo|x64.ActiveCfg = Release|x64
		{6E767519-0F39-4145-90BB-0624A4ED48AF}.RelWithDebInfo|x64.Build.0 = Release|x64
		{6E767519-0F39-4145-90BB-0624A4ED48AF}.RelWithDebInfo|x86.ActiveCfg = Release|Win32
		{6E767519-0F39-4145-90BB-0624A4ED48AF}.RelWithDebInfo|x86.Build.0 = Release|Win32
		{05A6E652-8C3A-427C-80BB-1386B1DD7A10}.Debug|x64.ActiveCfg = Debug|x64
		{05A6E652-8C3A-427C-80BB-1386B1DD7A10}.Debug|x64.Build.0 = Debug|x64
		{05A6E652-8C3A-427C-80BB-1386B1DD7A10}.Debug|x86.ActiveCfg = Debug|Win32
		{05A6E652-8C3A-427C-80BB-1386B1DD7A10}.Debug|x86.Build.0 = Debug|Win32
		{05A6E652-8C3A-427C-80BB-1386B1DD7A10}.MinSizeRel|x64.ActiveCfg = Release|x64
		{05A6E652-8C3A-427C-80BB-1386B1DD7A10}.MinSizeRel|x64.Build.0 = Release|x64
		{05A6E652-8C3A-427C-80BB-1386B1DD7A10}.MinSizeRel|x86.ActiveCfg = Release|Win32
		{05A6E652-8C3A-427C-80BB-1386B1DD7A10}.MinSizeRel|x86.Build.0 = Release|Win32
		{05A6E652-8C3A-427C-80BB-1386B1DD7A10}.Release|x64.ActiveCfg = Release|x64
		{05A6E652-8C3A-427C-80BB-1386B1DD7A10}.Release|x64.Build.0 = Release|x64
		{05A6E652-8C3A-427C-80BB-1386B1DD7A10}.Release|x86.ActiveCfg = Release|Win32
		{05A6E652-8C3A-427C-80BB-1386B1DD7A10}.Release|x86.Build.0 = Release|Win32
		{05A6E652-8C3A-427C-80BB-1386B1DD7A10}.RelWithDebInfo|x64.ActiveCfg = Release|x64
		{05A6E652-8C3A-427C-80BB-1386B1DD7A10}.RelWithDebInfo|x64.Build.0 = Release|x64
		{05A6E652-8C3A-427C-80BB-1386B1DD7A10}.RelWithDebInfo|x86.ActiveCfg = Release|Win32
		{05A6E652-8C3A-427C-80BB-1386B1DD7A10}.RelWithDebInfo|x86.Build.0 = Release|Win32
		{7DC8D7A0-2612-4B6F-85DC-48BBB84AB1F8}.Debug|x64.ActiveCfg = Debug|x64
		{7DC8D7A0-2612-4B6F-85DC-48BBB84AB1F8}.Debug|x64.Build.0 = Debug|x64
		{7DC8D7A0-2612-4B6F-85DC-48BBB84AB1F8}.Debug|x86.ActiveCfg = Debug|Win32
		{7DC8D7A0-2612-4B6F-85DC-48BBB84AB1F8}.Debug|x86.Build.0 = Debug|Win32
		{7DC8D7A0-2612-4B6F-85DC-48BBB84AB1F8}.MinSizeRel|x64.ActiveCfg = Release|x64
		{7DC8D7A0-2612-4B6F-85DC-48BBB84AB1F8}.MinSizeRel|x64.Build.0 = Release|x64
		{7DC8D7A0-2612-4B6F-85DC-48BBB84AB1F8}.MinSizeRel|x86.ActiveCfg = Release|Win32
		{7DC8D7A0-2612-4B6F-85DC-48BBB84AB1F8}.MinSizeRel|x86.Build.0 = Release|Win32
		{7DC8D7A0-2612-4B6F-85DC-48BBB84AB1F8}.Release|x64.ActiveCfg = Release|x64
		{7DC8D7A0-2612-4B6F-85DC-48BBB84AB1F8}.Release|x64.Build.0 = Release|x64
		{7DC8D7A0-2612-4B6F-85DC-48BBB84AB1F8}.Release|x86.ActiveCfg = Release|Win32
		{7DC8D7A0-2612-4B6F-85DC-48BBB84AB1F8}.Release|x86.Build.0 = Release|Win32
		{7DC8D7A0-2612-4B6F-85DC-48BBB84AB1F8}.RelWithDebInfo|x64.ActiveCfg = Release|x64
		{7DC8D7A0-2612-4B6F-85DC-48BBB84AB1F8}.RelWithDebInfo|x64.Build.0 = Release|x64
		{7DC8D7A0-2612-4B6F-85DC-48BBB84AB1F8}.RelWithDebInfo|x86.ActiveCfg = Release|Win32
		{7DC8D7A0-2612-4B6F-85DC-48BBB84AB1F8}.RelWithDebInfo|x86.Build.0 = Release|Win32
		{CD36AF24-37BE-4C60-9C86-B31AFE423E33}.Debug|x64.ActiveCfg = Debug|x64
		{CD36AF24-37BE-4C60-9C86-B31AFE423E33}.Debug|x64.Build.0 = Debug|x64
		{CD36AF24-37BE-4C60-9C86-B31AFE423E33}.Debug|x86.ActiveCfg = Debug|Win32
		{CD36AF24-37BE-4C60-9C86-B31AFE423E33}.Debug|x86.Build.0 = Debug|Win32
		{CD36AF24-37BE-4C60-9C86-B31AFE423E33}.MinSizeRel|x64.ActiveCfg = Release|x64
		{CD36AF24-37BE-4C60-9C86-B31AFE423E33}.MinSizeRel|x64.Build.0 = Release|x64
		{CD36AF24-37BE-4C60-9C86-B31AFE423E33}.MinSizeRel|x86.ActiveCfg = Release|Win32
		{CD36AF24-37BE-4C60-9C86-B31AFE423E33}.MinSizeRel|x86.Build.0 = Release|Win32
		{CD36AF24-37BE-4C60-9C86-B31AFE423E33}.Release|x64.ActiveCfg = Release|x64
		{CD36AF24-37BE-4C60-9C86-B31AFE423E33}.Release|x64.Build.0 = Release|x64
		{CD36AF24-37BE-4C60-9C86-B31AFE423E33}.Release|x86.ActiveCfg = Release|Win32
		{CD36AF24-37BE-4C60-9C86-B31AFE423E33}.Release|x86.Build.0 = Release|Win32
		{CD36AF24-37BE-4C60-9C86-B31AFE423E33}.RelWithDebInfo|x64.ActiveCfg = Release|x64
		{CD36AF24-37BE-4C60-9C86-B31AFE423E33}.RelWithDebInfo|x64.Build.0 = Release|x64
		{CD36AF24-37BE-4C60-9C86-B31AFE423E33}.RelWithDebInfo|x86.ActiveCfg = Release|Win32
		{CD36AF24-37BE-4C60-9C86-B31AFE423E33}.RelWithDebInfo|x86.Build.0 = Release|Win32
		{B0C799F3-0FEA-4E2E-8850-FD2F88B89BEB}.Debug|x64.ActiveCfg = Debug|x64
		{B0C799F3-0FEA-4E2E-8850-FD2F88B89BEB}.Debug|x64.Build.0 = Debug|x64
		{B0C799F3-0FEA-4E2E-8850-FD2F88B89BEB}.Debug|x86.ActiveCfg = Debug|Win32
		{B0C799F3-0FEA-4E2E-8850-FD2F88B89BEB}.Debug|x86.Build.0 = Debug|Win32
		{B0C799F3-0FEA-4E2E-8850-FD2F88B89BEB}.MinSizeRel|x64.ActiveCfg = Release|x64
		{B0C799F3-0FEA-4E2E-8850-FD2F88B89BEB}.MinSizeRel|x64.Build.0 = Release|x64
		{B0C799F3-0FEA-4E2E-8850-FD2F88B89BEB}.MinSizeRel|x86.ActiveCfg = Release|Win32
		{B0C799F3-0FEA-4E2E-8850-FD2F88B89BEB}.MinSizeRel|x86.Build.0 = Release|Win32
		{B0C799F3-0FEA-4E2E-8850-FD2F88B89BEB}.Release|x64.ActiveCfg = Release|x64
		{B0C799F3-0FEA-4E2E-8850-FD2F88B89BEB}.Release|x64.Build.0 = Release|x64
		{B0C799F3-0FEA-4E2E-8850-FD2F88B89BEB}.Release|x86.ActiveCfg = Release|Win32
		{B0C799F3-0FEA-4E2E-8850-FD2F88B89BEB}.Release|x86.Build.0 = Release|Win32
		{B0C799F3-0FEA-4E2E-8850-FD2F88B89BEB}.RelWithDebInfo|x64.ActiveCfg = Release|x64
		{B0C799F3-0FEA-4E2E-8850-FD2F88B89BEB}.RelWithDebInfo|x64.Build.0 = Release|x64
		{B0C799F3-0FEA-4E2E-8850-FD2F88B89BEB}.RelWithDebInfo|x86.ActiveCfg = Release|Win32
		{B0C799F3-0FEA-4E2E-8850-FD2F88B89BEB}.RelWithDebInfo|x86.Build.0 = Release|Win32
		{2DD2F2D8-6D50-4003-9965-1D8A943B7046}.Debug|x64.ActiveCfg = Debug|x64
		{2DD2F2D8-6D50-4003-9965-1D8A943B7046}.Debug|x64.Build.0 = Debug|x64
		{2DD2F2D8-6D50-4003-9965-1D8A943B7046}.Debug|x86.ActiveCfg = Debug|Win32
		{2DD2F2D8-6D50-4003-9965-1D8A943B7046}.Debug|x86.Build.0 = Debug|Win32
		{2DD2F2D8-6D50-4003-9965-1D8A943B7046}.MinSizeRel|x64.ActiveCfg = Release|x64
		{2DD2F2D8-6D50-4003-9965-1D8A943B7046}.MinSizeRel|x64.Build.0 = Release|x64
		{2DD2F2D8-6D50-4003-9965-1D8A943B7046}.MinSizeRel|x86.ActiveCfg = Release|Win32
		{2DD2F2D8-6D50-4003-9965-1D8A943B7046}.MinSizeRel|x86.Build.0 = Release|Win32
		{2DD2F2D8-6D50-4003-9965-1D8A943B7046}.Release|x64.ActiveCfg = Release|x64
		{2DD2F2D8-6D50-4003-9965-1D8A943B7046}.Release|x64.Build.0 = Release|x64
		{2DD2F2D8-6D50-4003-9965-1D8A943B7046}.Release|x86.ActiveCfg = Release|Win32
		{2DD2F2D8-6D50-4003-9965-1D8A943B7046}.Release|x86.Build.0 = Release|Win32
		{2DD2F2D8-6D50-4003-9965-1D8A943B7046}.RelWithDebInfo|x64.ActiveCfg = Release|x64
		{2DD2F2D8-6D50-4003-9965-1D8A943B7046}.RelWithDebInfo|x64.Build.0 = Release|x64
		{2DD2F2D8-6D50-4003-9965-1D8A943B7046}.RelWithDebInfo|x86.ActiveCfg = Release|Win32
		{2DD2F2D8-6D50-4003-9965-1D8A943B7046}.RelWithDebInfo|x86.Build.0 = Release|Win32
		{A3007D41-27B2-4565-A3FA-BF813CD2EC01}.Debug|x64.ActiveCfg = Debug|x64
		{A3007D41-27B2-4565-A3FA-BF813CD2EC01}.Debug|x64.Build.0 = Debug|x64
		{A3007D41-27B2-4565-A3FA-BF813CD2EC01}.Debug|x86.ActiveCfg = Debug|Win32
		{A3007D41-27B2-4565-A3FA-BF813CD2EC01}.Debug|x86.Build.0 = Debug|Win32
		{A3007D41-27B2-4565-A3FA-BF813CD2EC01}.MinSizeRel|x64.ActiveCfg = Release|x64
		{A3007D41-27B2-4565-A3FA-BF813CD2EC01}.MinSizeRel|x64.Build.0 = Release|x64
		{A3007D41-27B2-4565-A3FA-BF813CD2EC01}.MinSizeRel|x86.ActiveCfg = Release|Win32
		{A3007D41-27B2-4565-A3FA-BF813CD2EC01}.MinSizeRel|x86.Build.0 = Release|Win32
		{A3007D41-27B2-4565-A3FA-BF813CD2EC01}.Release|x64.ActiveCfg = Release|x64
		{A3007D41-27B2-4565-A3FA-BF813CD2EC01}.Release|x64.Build.0 = Release|x64
		{A3007D41-27B2-4565-A3FA-BF813CD2EC01}.Release|x86.ActiveCfg = Release|Win32
		{A3007D41-27B2-4565-A3FA-BF813CD2EC01}.Release|x86.Build.0 = Release|Win32
		{A3007D41-27B2-4565-A3FA-BF813CD2EC01}.RelWithDebInfo|x64.ActiveCfg = Release|x64
		{A3007D41-27B2-4565-A3FA-BF813CD2EC01}.RelWithDebInfo|x64.Build.0 = Release|x64
		{A3007D41-27B2-4565-A3FA-BF813CD2EC01}.RelWithDebInfo|x86.ActiveCfg = Release|Win32
		{A3007D41-27B2-4565-A3FA-BF813CD2EC01}.RelWithDebInfo|x86.Build.0 = Release|Win32
		{E3EAF431-336B-47A9-816F-5218C8C88A41}.Debug|x64.ActiveCfg = Debug|x64
		{E3EAF431-336B-47A9-816F-5218C8C88A41}.Debug|x64.Build.0 = Debug|x64
		{E3EAF431-336B-47A9-816F-5218C8C88A41}.Debug|x86.ActiveCfg = Debug|Win32
		{E3EAF431-336B-47A9-816F-5218C8C88A41}.Debug|x86.Build.0 = Debug|Win32
		{E3EAF431-336B-47A9-816F-5218C8C88A41}.MinSizeRel|x64.ActiveCfg = Release|x64
		{E3EAF431-336B-47A9-816F-5218C8C88A41}.MinSizeRel|x64.Build.0 = Release|x64
		{E3EAF431-336B-47A9-816F-5218C8C88A41}.MinSizeRel|x86.ActiveCfg = Release|Win32
		{E3EAF431-336B-47A9-816F-5218C8C88A41}.MinSizeRel|x86.Build.0 = Release|Win32
		{E3EAF431-336B-47A9-816F-5218C8C88A41}.Release|x64.ActiveCfg = Release|x64
		{E3EAF431-336B-47A9-816F-5218C8C88A41}.Release|x64.Build.0 = Release|x64
		{E3EAF431-336B-47A9-816F-5218C8C88A41}.Release|x86.ActiveCfg = Release|Win32
		{E3EAF431-336B-47A9-816F-5218C8C88A41}.Release|x86.Build.0 = Release|Win32
		{E3EAF431-336B-47A9-816F-5218C8C88A41}.RelWithDebInfo|x64.ActiveCfg = Release|x64
		{E3EAF431-336B-47A9-816F-5218C8C88A41}.RelWithDebInfo|x64.Build.0 = Release|x64
		{E3EAF431-336B-47A9-816F-5218C8C88A41}.RelWithDebInfo|x86.ActiveCfg = Release|Win32
		{E3EAF431-336B-47A9-816F-5218C8C88A41}.RelWithDebInfo|x86.Build.0 = Release|Win32
		{9C646333-A7E7-4D61-9BFE-9FFBE3D11EA9}.Debug|x64.ActiveCfg = Debug|x64
		{9C646333-A7E7-4D61-9BFE-9FFBE3D11EA9}.Debug|x64.Build.0 = Debug|x64
		{9C646333-A7E7-4D61-9BFE-9FFBE3D11EA9}.Debug|x86.ActiveCfg = Debug|Win32
		{9C646333-A7E7-4D61-9BFE-9FFBE3D11EA9}.Debug|x86.Build.0 = Debug|Win32
		{9C646333-A7E7-4D61-9BFE-9FFBE3D11EA9}.MinSizeRel|x64.ActiveCfg = Debug|x64
		{9C646333-A7E7-4D61-9BFE-9FFBE3D11EA9}.MinSizeRel|x64.Build.0 = Debug|x64
		{9C646333-A7E7-4D61-9BFE-9FFBE3D11EA9}.MinSizeRel|x86.ActiveCfg = Debug|Win32
		{9C646333-A7E7-4D61-9BFE-9FFBE3D11EA9}.MinSizeRel|x86.Build.0 = Debug|Win32
		{9C646333-A7E7-4D61-9BFE-9FFBE3D11EA9}.Release|x64.ActiveCfg = Release|x64
		{9C646333-A7E7-4D61-9BFE-9FFBE3D11EA9}.Release|x64.Build.0 = Release|x64
		{9C646333-A7E7-4D61-9BFE-9FFBE3D11EA9}.Release|x86.ActiveCfg = Release|Win32
		{9C646333-A7E7-4D61-9BFE-9FFBE3D11EA9}.Release|x86.Build.0 = Release|Win32
		{9C646333-A7E7-4D61-9BFE-9FFBE3D11EA9}.RelWithDebInfo|x64.ActiveCfg = Release|x64
		{9C646333-A7E7-4D61-9BFE-9FFBE3D11EA9}.RelWithDebInfo|x64.Build.0 = Release|x64
		{9C646333-A7E7-4D61-9BFE-9FFBE3D11EA9}.RelWithDebInfo|x86.ActiveCfg = Release|Win32
		{9C646333-A7E7-4D61-9BFE-9FFBE3D11EA9}.RelWithDebInfo|x86.Build.0 = Release|Win32
		{B73061BD-5EFD-3680-996D-DFD4F43DBD81}.Debug|x64.ActiveCfg = Debug|Win32
		{B73061BD-5EFD-3680-996D-DFD4F43DBD81}.Debug|x86.ActiveCfg = Debug|Win32
		{B73061BD-5EFD-3680-996D-DFD4F43DBD81}.Debug|x86.Build.0 = Debug|Win32
		{B73061BD-5EFD-3680-996D-DFD4F43DBD81}.MinSizeRel|x64.ActiveCfg = MinSizeRel|Win32
		{B73061BD-5EFD-3680-996D-DFD4F43DBD81}.MinSizeRel|x86.ActiveCfg = MinSizeRel|Win32
		{B73061BD-5EFD-3680-996D-DFD4F43DBD81}.MinSizeRel|x86.Build.0 = MinSizeRel|Win32
		{B73061BD-5EFD-3680-996D-DFD4F43DBD81}.Release|x64.ActiveCfg = Release|Win32
		{B73061BD-5EFD-3680-996D-DFD4F43DBD81}.Release|x86.ActiveCfg = Release|Win32
		{B73061BD-5EFD-3680-996D-DFD4F43DBD81}.Release|x86.Build.0 = Release|Win32
		{B73061BD-5EFD-3680-996D-DFD4F43DBD81}.RelWithDebInfo|x64.ActiveCfg = RelWithDebInfo|Win32
		{B73061BD-5EFD-3680-996D-DFD4F43DBD81}.RelWithDebInfo|x86.ActiveCfg = RelWithDebInfo|Win32
		{B73061BD-5EFD-3680-996D-DFD4F43DBD81}.RelWithDebInfo|x86.Build.0 = RelWithDebInfo|Win32
		{22102B29-AFFF-3B4C-9C98-98B74137E40A}.Debug|x64.ActiveCfg = Debug|x64
		{22102B29-AFFF-3B4C-9C98-98B74137E40A}.Debug|x64.Build.0 = Debug|x64
		{22102B29-AFFF-3B4C-9C98-98B74137E40A}.Debug|x86.ActiveCfg = Debug|x64
		{22102B29-AFFF-3B4C-9C98-98B74137E40A}.MinSizeRel|x64.ActiveCfg = MinSizeRel|x64
		{22102B29-AFFF-3B4C-9C98-98B74137E40A}.MinSizeRel|x64.Build.0 = MinSizeRel|x64
		{22102B29-AFFF-3B4C-9C98-98B74137E40A}.MinSizeRel|x86.ActiveCfg = MinSizeRel|x64
		{22102B29-AFFF-3B4C-9C98-98B74137E40A}.Release|x64.ActiveCfg = Release|x64
		{22102B29-AFFF-3B4C-9C98-98B74137E40A}.Release|x64.Build.0 = Release|x64
		{22102B29-AFFF-3B4C-9C98-98B74137E40A}.Release|x86.ActiveCfg = Release|x64
		{22102B29-AFFF-3B4C-9C98-98B74137E40A}.RelWithDebInfo|x64.ActiveCfg = RelWithDebInfo|x64
		{22102B29-AFFF-3B4C-9C98-98B74137E40A}.RelWithDebInfo|x64.Build.0 = RelWithDebInfo|x64
		{22102B29-AFFF-3B4C-9C98-98B74137E40A}.RelWithDebInfo|x86.ActiveCfg = RelWithDebInfo|x64
		{4B5AF164-B0E9-451D-92BF-DCB0C59CF3E9}.Debug|x64.ActiveCfg = Debug|x64
		{4B5AF164-B0E9-451D-92BF-DCB0C59CF3E9}.Debug|x64.Build.0 = Debug|x64
		{4B5AF164-B0E9-451D-92BF-DCB0C59CF3E9}.Debug|x86.ActiveCfg = Debug|Win32
		{4B5AF164-B0E9-451D-92BF-DCB0C59CF3E9}.Debug|x86.Build.0 = Debug|Win32
		{4B5AF164-B0E9-451D-92BF-DCB0C59CF3E9}.MinSizeRel|x64.ActiveCfg = Debug|x64
		{4B5AF164-B0E9-451D-92BF-DCB0C59CF3E9}.MinSizeRel|x64.Build.0 = Debug|x64
		{4B5AF164-B0E9-451D-92BF-DCB0C59CF3E9}.MinSizeRel|x86.ActiveCfg = Debug|Win32
		{4B5AF164-B0E9-451D-92BF-DCB0C59CF3E9}.MinSizeRel|x86.Build.0 = Debug|Win32
		{4B5AF164-B0E9-451D-92BF-DCB0C59CF3E9}.Release|x64.ActiveCfg = Release|x64
		{4B5AF164-B0E9-451D-92BF-DCB0C59CF3E9}.Release|x64.Build.0 = Release|x64
		{4B5AF164-B0E9-451D-92BF-DCB0C59CF3E9}.Release|x86.ActiveCfg = Release|Win32
		{4B5AF164-B0E9-451D-92BF-DCB0C59CF3E9}.Release|x86.Build.0 = Release|Win32
		{4B5AF164-B0E9-451D-92BF-DCB0C59CF3E9}.RelWithDebInfo|x64.ActiveCfg = Release|x64
		{4B5AF164-B0E9-451D-92BF-DCB0C59CF3E9}.RelWithDebInfo|x64.Build.0 = Release|x64
		{4B5AF164-B0E9-451D-92BF-DCB0C59CF3E9}.RelWithDebInfo|x86.ActiveCfg = Release|Win32
		{4B5AF164-B0E9-451D-92BF-DCB0C59CF3E9}.RelWithDebInfo|x86.Build.0 = Release|Win32
		{08625242-3C93-4A0E-887E-BB705E1E696F}.Debug|x64.ActiveCfg = Debug|x64
		{08625242-3C93-4A0E-887E-BB705E1E696F}.Debug|x64.Build.0 = Debug|x64
		{08625242-3C93-4A0E-887E-BB705E1E696F}.Debug|x86.ActiveCfg = Debug|Win32
		{08625242-3C93-4A0E-887E-BB705E1E696F}.Debug|x86.Build.0 = Debug|Win32
		{08625242-3C93-4A0E-887E-BB705E1E696F}.MinSizeRel|x64.ActiveCfg = Debug|x64
		{08625242-3C93-4A0E-887E-BB705E1E696F}.MinSizeRel|x64.Build.0 = Debug|x64
		{08625242-3C93-4A0E-887E-BB705E1E696F}.MinSizeRel|x86.ActiveCfg = Debug|Win32
		{08625242-3C93-4A0E-887E-BB705E1E696F}.MinSizeRel|x86.Build.0 = Debug|Win32
		{08625242-3C93-4A0E-887E-BB705E1E696F}.Release|x64.ActiveCfg = Release|x64
		{08625242-3C93-4A0E-887E-BB705E1E696F}.Release|x64.Build.0 = Release|x64
		{08625242-3C93-4A0E-887E-BB705E1E696F}.Release|x86.ActiveCfg = Release|Win32
		{08625242-3C93-4A0E-887E-BB705E1E696F}.Release|x86.Build.0 = Release|Win32
		{08625242-3C93-4A0E-887E-BB705E1E696F}.RelWithDebInfo|x64.ActiveCfg = Release|x64
		{08625242-3C93-4A0E-887E-BB705E1E696F}.RelWithDebInfo|x64.Build.0 = Release|x64
		{08625242-3C93-4A0E-887E-BB705E1E696F}.RelWithDebInfo|x86.ActiveCfg = Release|Win32
		{08625242-3C93-4A0E-887E-BB705E1E696F}.RelWithDebInfo|x86.Build.0 = Release|Win32
		{C597D8A8-E0C1-483E-A879-F1B1A844B703}.Debug|x64.ActiveCfg = Debug|x64
		{C597D8A8-E0C1-483E-A879-F1B1A844B703}.Debug|x64.Build.0 = Debug|x64
		{C597D8A8-E0C1-483E-A879-F1B1A844B703}.Debug|x86.ActiveCfg = Debug|Win32
		{C597D8A8-E0C1-483E-A879-F1B1A844B703}.Debug|x86.Build.0 = Debug|Win32
		{C597D8A8-E0C1-483E-A879-F1B1A844B703}.MinSizeRel|x64.ActiveCfg = Debug|x64
		{C597D8A8-E0C1-483E-A879-F1B1A844B703}.MinSizeRel|x64.Build.0 = Debug|x64
		{C597D8A8-E0C1-483E-A879-F1B1A844B703}.MinSizeRel|x86.ActiveCfg = Debug|Win32
		{C597D8A8-E0C1-483E-A879-F1B1A844B703}.MinSizeRel|x86.Build.0 = Debug|Win32
		{C597D8A8-E0C1-483E-A879-F1B1A844B703}.Release|x64.ActiveCfg = Release|x64
		{C597D8A8-E0C1-483E-A879-F1B1A844B703}.Release|x64.Build.0 = Release|x64
		{C597D8A8-E0C1-483E-A879-F1B1A844B703}.Release|x86.ActiveCfg = Release|Win32
		{C597D8A8-E0C1-483E-A879-F1B1A844B703}.Release|x86.Build.0 = Release|Win32
		{C597D8A8-E0C1-483E-A879-F1B1A844B703}.RelWithDebInfo|x64.ActiveCfg = Release|x64
		{C597D8A8-E0C1-483E-A879-F1B1A844B703}.RelWithDebInfo|x64.Build.0 = Release|x64
		{C597D8A8-E0C1-483E-A879-F1B1A844B703}.RelWithDebInfo|x86.ActiveCfg = Release|Win32
		{C597D8A8-E0C1-483E-A879-F1B1A844B703}.RelWithDebInfo|x86.Build.0 = Release|Win32
		{253A5AD8-4D47-4C04-B5B8-6BBD2AF557C2}.Debug|x64.ActiveCfg = Debug|x64
		{253A5AD8-4D47-4C04-B5B8-6BBD2AF557C2}.Debug|x64.Build.0 = Debug|x64
		{253A5AD8-4D47-4C04-B5B8-6BBD2AF557C2}.Debug|x86.ActiveCfg = Debug|Win32
		{253A5AD8-4D47-4C04-B5B8-6BBD2AF557C2}.Debug|x86.Build.0 = Debug|Win32
		{253A5AD8-4D47-4C04-B5B8-6BBD2AF557C2}.MinSizeRel|x64.ActiveCfg = Debug|x64
		{253A5AD8-4D47-4C04-B5B8-6BBD2AF557C2}.MinSizeRel|x64.Build.0 = Debug|x64
		{253A5AD8-4D47-4C04-B5B8-6BBD2AF557C2}.MinSizeRel|x86.ActiveCfg = Debug|Win32
		{253A5AD8-4D47-4C04-B5B8-6BBD2AF557C2}.MinSizeRel|x86.Build.0 = Debug|Win32
		{253A5AD8-4D47-4C04-B5B8-6BBD2AF557C2}.Release|x64.ActiveCfg = Release|x64
		{253A5AD8-4D47-4C04-B5B8-6BBD2AF557C2}.Release|x64.Build.0 = Release|x64
		{253A5AD8-4D47-4C04-B5B8-6BBD2AF557C2}.Release|x86.ActiveCfg = Release|Win32
		{253A5AD8-4D47-4C04-B5B8-6BBD2AF557C2}.Release|x86.Build.0 = Release|Win32
		{253A5AD8-4D47-4C04-B5B8-6BBD2AF557C2}.RelWithDebInfo|x64.ActiveCfg = Release|x64
		{253A5AD8-4D47-4C04-B5B8-6BBD2AF557C2}.RelWithDebInfo|x64.Build.0 = Release|x64
		{253A5AD8-4D47-4C04-B5B8-6BBD2AF557C2}.RelWithDebInfo|x86.ActiveCfg = Release|Win32
		{253A5AD8-4D47-4C04-B5B8-6BBD2AF557C2}.RelWithDebInfo|x86.Build.0 = Release|Win32
	EndGlobalSection
	GlobalSection(SolutionProperties) = preSolution
		HideSolutionNode = FALSE
	EndGlobalSection
	GlobalSection(ExtensibilityGlobals) = postSolution
		SolutionGuid = {627AE853-4C88-4032-BA35-2C50D78105B9}
	EndGlobalSection
EndGlobal
