<?xml version="1.0" encoding="utf-8"?>
<Project ToolsVersion="16.0" xmlns="http://schemas.microsoft.com/developer/msbuild/2003">
  <ItemGroup>
    <ClCompile Include="H:\Programming\VSProjects\InfinityProjectsCpp\Pcre2-10.23-x64\src\pcre2test.c">
      <Filter>Source Files</Filter>
    </ClCompile>
  </ItemGroup>
  <ItemGroup>
    <CustomBuild Include="H:\Programming\VSProjects\InfinityProjectsCpp\Pcre2-10.23-x64\CMakeLists.txt" />
  </ItemGroup>
  <ItemGroup>
    <Filter Include="Source Files">
      <UniqueIdentifier>{87EC8F23-22DB-379F-BD00-64C6F472AD2F}</UniqueIdentifier>
    </Filter>
  </ItemGroup>
</Project>
