<?xml version="1.0" encoding="utf-8"?>
<Project ToolsVersion="4.0" xmlns="http://schemas.microsoft.com/developer/msbuild/2003">
  <ItemGroup>
    <Filter Include="Arquivos de Origem">
      <UniqueIdentifier>{4FC737F1-C7A5-4376-A066-2A32D752A2FF}</UniqueIdentifier>
      <Extensions>cpp;c;cc;cxx;c++;cppm;ixx;def;odl;idl;hpj;bat;asm;asmx</Extensions>
    </Filter>
    <Filter Include="Arquivos de Cabeçalho">
      <UniqueIdentifier>{93995380-89BD-4b04-88EB-625FBE52EBFB}</UniqueIdentifier>
      <Extensions>h;hh;hpp;hxx;h++;hm;inl;inc;ipp;xsd</Extensions>
    </Filter>
    <Filter Include="Arquivos de Recurso">
      <UniqueIdentifier>{67DA6AB6-F800-4c08-8B7A-83BB121AAD01}</UniqueIdentifier>
      <Extensions>rc;ico;cur;bmp;dlg;rc2;rct;bin;rgs;gif;jpg;jpeg;jpe;resx;tiff;tif;png;wav;mfcribbon-ms</Extensions>
    </Filter>
    <Filter Include="Arquivos de Origem\Utils">
      <UniqueIdentifier>{f655e4da-7ce1-4103-aaa6-ff7551f233c1}</UniqueIdentifier>
    </Filter>
    <Filter Include="Arquivos de Origem\MemoryTools">
      <UniqueIdentifier>{d3248aec-a534-4321-83f8-70cb2a67b485}</UniqueIdentifier>
    </Filter>
    <Filter Include="Arquivos de Origem\InfinityCrashlytics">
      <UniqueIdentifier>{965d2961-2c2f-448b-96bf-3e610a5db848}</UniqueIdentifier>
    </Filter>
  </ItemGroup>
  <ItemGroup>
    <ClInclude Include="framework.h">
      <Filter>Arquivos de Cabeçalho</Filter>
    </ClInclude>
    <ClInclude Include="pch.h">
      <Filter>Arquivos de Cabeçalho</Filter>
    </ClInclude>
    <ClInclude Include="Utils.h">
      <Filter>Arquivos de Origem\Utils</Filter>
    </ClInclude>
    <ClInclude Include="InfinityCrashlytics.h">
      <Filter>Arquivos de Origem\InfinityCrashlytics</Filter>
    </ClInclude>
    <ClInclude Include="debug.h">
      <Filter>Arquivos de Origem\MemoryTools</Filter>
    </ClInclude>
    <ClInclude Include="MemoryTools.h">
      <Filter>Arquivos de Origem\MemoryTools</Filter>
    </ClInclude>
  </ItemGroup>
  <ItemGroup>
    <ClCompile Include="dllmain.cpp">
      <Filter>Arquivos de Origem</Filter>
    </ClCompile>
    <ClCompile Include="pch.cpp">
      <Filter>Arquivos de Origem</Filter>
    </ClCompile>
    <ClCompile Include="Utils.cpp">
      <Filter>Arquivos de Origem\Utils</Filter>
    </ClCompile>
    <ClCompile Include="InfinityCrashlytics.cpp">
      <Filter>Arquivos de Origem\InfinityCrashlytics</Filter>
    </ClCompile>
    <ClCompile Include="debug.cpp">
      <Filter>Arquivos de Origem\MemoryTools</Filter>
    </ClCompile>
  </ItemGroup>
</Project>